
Microsoft Visual Studio Solution File, Format Version 12.00
# Visual Studio Version 17
VisualStudioVersion = 17.1.32414.318
MinimumVisualStudioVersion = 10.0.40219.1
Project("{9A19103F-16F7-4668-BE54-9A1E7A4F7556}") = "Gambling.Backend", "Gambling.Backend\Gambling.Backend.csproj", "{19AE9377-EE1B-430E-A4F7-2FDD0A38E646}"
EndProject
Project("{9A19103F-16F7-4668-BE54-9A1E7A4F7556}") = "Gambling.Backend.Tests", "Gambling.Backend.Tests\Gambling.Backend.Tests.csproj", "{591D2067-431B-4D6B-856B-49952515103E}"
EndProject
Project("{FAE04EC0-301F-11D3-BF4B-00C04F79EFBC}") = "Gambling.Backend.IntegrationTests", "Gambling.Backend.IntegrationTests\Gambling.Backend.IntegrationTests.csproj", "{5043C411-3418-4ACF-ABF3-7378F061143D}"
EndProject
Global
	GlobalSection(SolutionConfigurationPlatforms) = preSolution
		Debug|Any CPU = Debug|Any CPU
		Release|Any CPU = Release|Any CPU
	EndGlobalSection
	GlobalSection(ProjectConfigurationPlatforms) = postSolution
		{19AE9377-EE1B-430E-A4F7-2FDD0A38E646}.Debug|Any CPU.ActiveCfg = Debug|Any CPU
		{19AE9377-EE1B-430E-A4F7-2FDD0A38E646}.Debug|Any CPU.Build.0 = Debug|Any CPU
		{19AE9377-EE1B-430E-A4F7-2FDD0A38E646}.Release|Any CPU.ActiveCfg = Release|Any CPU
		{19AE9377-EE1B-430E-A4F7-2FDD0A38E646}.Release|Any CPU.Build.0 = Release|Any CPU
		{591D2067-431B-4D6B-856B-49952515103E}.Debug|Any CPU.ActiveCfg = Debug|Any CPU
		{591D2067-431B-4D6B-856B-49952515103E}.Debug|Any CPU.Build.0 = Debug|Any CPU
		{591D2067-431B-4D6B-856B-49952515103E}.Release|Any CPU.ActiveCfg = Release|Any CPU
		{591D2067-431B-4D6B-856B-49952515103E}.Release|Any CPU.Build.0 = Release|Any CPU
		{5043C411-3418-4ACF-ABF3-7378F061143D}.Debug|Any CPU.ActiveCfg = Debug|Any CPU
		{5043C411-3418-4ACF-ABF3-7378F061143D}.Debug|Any CPU.Build.0 = Debug|Any CPU
		{5043C411-3418-4ACF-ABF3-7378F061143D}.Release|Any CPU.ActiveCfg = Release|Any CPU
		{5043C411-3418-4ACF-ABF3-7378F061143D}.Release|Any CPU.Build.0 = Release|Any CPU
	EndGlobalSection
	GlobalSection(SolutionProperties) = preSolution
		HideSolutionNode = FALSE
	EndGlobalSection
	GlobalSection(ExtensibilityGlobals) = postSolution
		SolutionGuid = {3692E6B8-EDC4-46D6-A5E6-043A3B0EAD52}
	EndGlobalSection
EndGlobal
